
Microsoft Visual Studio Solution File, Format Version 12.00
# Visual Studio Version 17
VisualStudioVersion = 17.10.34928.147
MinimumVisualStudioVersion = 10.0.40219.1
Project("{FAE04EC0-301F-11D3-BF4B-00C04F79EFBC}") = "DimaSystem.Core", "DimaSystem.Core\DimaSystem.Core.csproj", "{42EFA889-3AC9-4AAD-B95C-E37887065342}"
EndProject
Project("{FAE04EC0-301F-11D3-BF4B-00C04F79EFBC}") = "DimaSystem.Api", "DimaSystem.Api\DimaSystem.Api.csproj", "{6FED219E-74B0-4758-8402-F34A2CFE3FB1}"
EndProject
Global
	GlobalSection(SolutionConfigurationPlatforms) = preSolution
		Debug|Any CPU = Debug|Any CPU
		Release|Any CPU = Release|Any CPU
	EndGlobalSection
	GlobalSection(ProjectConfigurationPlatforms) = postSolution
		{42EFA889-3AC9-4AAD-B95C-E37887065342}.Debug|Any CPU.ActiveCfg = Debug|Any CPU
		{42EFA889-3AC9-4AAD-B95C-E37887065342}.Debug|Any CPU.Build.0 = Debug|Any CPU
		{42EFA889-3AC9-4AAD-B95C-E37887065342}.Release|Any CPU.ActiveCfg = Release|Any CPU
		{42EFA889-3AC9-4AAD-B95C-E37887065342}.Release|Any CPU.Build.0 = Release|Any CPU
		{6FED219E-74B0-4758-8402-F34A2CFE3FB1}.Debug|Any CPU.ActiveCfg = Debug|Any CPU
		{6FED219E-74B0-4758-8402-F34A2CFE3FB1}.Debug|Any CPU.Build.0 = Debug|Any CPU
		{6FED219E-74B0-4758-8402-F34A2CFE3FB1}.Release|Any CPU.ActiveCfg = Release|Any CPU
		{6FED219E-74B0-4758-8402-F34A2CFE3FB1}.Release|Any CPU.Build.0 = Release|Any CPU
	EndGlobalSection
	GlobalSection(SolutionProperties) = preSolution
		HideSolutionNode = FALSE
	EndGlobalSection
	GlobalSection(ExtensibilityGlobals) = postSolution
		SolutionGuid = {404BDE2D-F0E5-458F-BDFA-BB38A817EAF8}
	EndGlobalSection
EndGlobal
